
Microsoft Visual Studio Solution File, Format Version 12.00
# Visual Studio Version 16
VisualStudioVersion = 16.0.30621.155
MinimumVisualStudioVersion = 10.0.40219.1
Project("{8BC9CEB8-8B4A-11D0-8D11-00A0C91BC942}") = "午饭吃什么", "午饭吃什么\午饭吃什么.vcxproj", "{1B9C01D6-817C-413C-99FE-E11D4AA4B036}"
EndProject
Global
	GlobalSection(SolutionConfigurationPlatforms) = preSolution
		Debug|x64 = Debug|x64
		Debug|x86 = Debug|x86
		Release|x64 = Release|x64
		Release|x86 = Release|x86
	EndGlobalSection
	GlobalSection(ProjectConfigurationPlatforms) = postSolution
		{1B9C01D6-817C-413C-99FE-E11D4AA4B036}.Debug|x64.ActiveCfg = Debug|x64
		{1B9C01D6-817C-413C-99FE-E11D4AA4B036}.Debug|x64.Build.0 = Debug|x64
		{1B9C01D6-817C-413C-99FE-E11D4AA4B036}.Debug|x86.ActiveCfg = Debug|Win32
		{1B9C01D6-817C-413C-99FE-E11D4AA4B036}.Debug|x86.Build.0 = Debug|Win32
		{1B9C01D6-817C-413C-99FE-E11D4AA4B036}.Release|x64.ActiveCfg = Release|x64
		{1B9C01D6-817C-413C-99FE-E11D4AA4B036}.Release|x64.Build.0 = Release|x64
		{1B9C01D6-817C-413C-99FE-E11D4AA4B036}.Release|x86.ActiveCfg = Release|Win32
		{1B9C01D6-817C-413C-99FE-E11D4AA4B036}.Release|x86.Build.0 = Release|Win32
	EndGlobalSection
	GlobalSection(SolutionProperties) = preSolution
		HideSolutionNode = FALSE
	EndGlobalSection
	GlobalSection(ExtensibilityGlobals) = postSolution
		SolutionGuid = {373F1B0F-61F8-46D3-8CC6-43AE597279B6}
	EndGlobalSection
EndGlobal
